{
  "name": "@js-code/native-store",
  "version": "0.0.2",
  "lockfileVersion": 1,
  "requires": true,
  "dependencies": {
    "@react-native-community/async-storage": {
      "version": "1.6.2",
      "resolved": "https://registry.npmjs.org/@react-native-community/async-storage/-/async-storage-1.6.2.tgz",
      "integrity": "sha512-EJGsbrHubK1mGxPjWB74AaHAd5m9I+Gg2RRPZzMK6org7QOU9WOBnIMFqoeVto3hKOaEPlk8NV74H6G34/2pZQ=="
    }
  }
}
